certifi==2026.6.17
charset-normalizer==3.4.7
colorama==0.4.6
flatbuffers==25.12.19
idna==3.18
ImageHash==4.3.2
numpy==2.4.6
packaging==26.2
pillow==12.2.0
protobuf==7.35.1
pypdf==6.13.3
pypdfium2==5.10.1
pytesseract==0.3.13
PyWavelets==1.9.0
PyYAML==6.0.3
RapidFuzz==3.14.5
requests==2.34.2
scipy==1.18.0
segno==1.6.6
six==1.17.0
tqdm==4.68.3
urllib3==2.7.0
zxing-cpp==3.1.0
